// !$*UTF8*$!
{
	archiveVersion = 1;
	classes = {
	};
	objectVersion = 46;
	objects = {

/* Begin PBXBuildFile section */
		7F3616581A89DA8C00254E5E /* NSFileManager.swift in Sources */ = {isa = PBXBuildFile; fileRef = 7F9751651A89D999005E27F8 /* NSFileManager.swift */; };
		7F96F2181A931753001F50EE /* Target.swift in Sources */ = {isa = PBXBuildFile; fileRef = 7F96F2171A931753001F50EE /* Target.swift */; };
		7F96F21C1A931F48001F50EE /* Target.swift in Sources */ = {isa = PBXBuildFile; fileRef = 7F96F2171A931753001F50EE /* Target.swift */; };
		7F96F21D1A931F48001F50EE /* LprojFile.swift in Sources */ = {isa = PBXBuildFile; fileRef = 7FF59A211A8F1D5C00946EBF /* LprojFile.swift */; };
		7F96F21E1A931F48001F50EE /* XibFile.swift in Sources */ = {isa = PBXBuildFile; fileRef = 7FF59A231A8F231B00946EBF /* XibFile.swift */; };
		7F9751371A89C90D005E27F8 /* AppDelegate.swift in Sources */ = {isa = PBXBuildFile; fileRef = 7F9751361A89C90D005E27F8 /* AppDelegate.swift */; };
		7F97513C1A89C90D005E27F8 /* Main.storyboard in Resources */ = {isa = PBXBuildFile; fileRef = 7F97513A1A89C90D005E27F8 /* Main.storyboard */; };
		7F97513E1A89C90D005E27F8 /* Images.xcassets in Resources */ = {isa = PBXBuildFile; fileRef = 7F97513D1A89C90D005E27F8 /* Images.xcassets */; };
		7F9751411A89C90D005E27F8 /* LaunchScreen.xib in Resources */ = {isa = PBXBuildFile; fileRef = 7F97513F1A89C90D005E27F8 /* LaunchScreen.xib */; };
		7F9751581A89CAB3005E27F8 /* Localizable.strings in Resources */ = {isa = PBXBuildFile; fileRef = 7F97515A1A89CAB3005E27F8 /* Localizable.strings */; };
		7F9751641A89D8CF005E27F8 /* main.swift in Sources */ = {isa = PBXBuildFile; fileRef = 7F9ABCD71A88E79100ACB4B9 /* main.swift */; };
		7F9751661A89D999005E27F8 /* NSFileManager.swift in Sources */ = {isa = PBXBuildFile; fileRef = 7F9751651A89D999005E27F8 /* NSFileManager.swift */; };
		7F9ABCD81A88E79100ACB4B9 /* main.swift in Sources */ = {isa = PBXBuildFile; fileRef = 7F9ABCD71A88E79100ACB4B9 /* main.swift */; };
		7F9ABCDF1A88E7A400ACB4B9 /* StringsFile.swift in Sources */ = {isa = PBXBuildFile; fileRef = 7F9ABCDE1A88E7A400ACB4B9 /* StringsFile.swift */; };
		7F9ABCEE1A88E7F500ACB4B9 /* TargetTests.swift in Sources */ = {isa = PBXBuildFile; fileRef = 7F9ABCED1A88E7F500ACB4B9 /* TargetTests.swift */; };
		7F9ABCF11A88E84500ACB4B9 /* StringsFile.swift in Sources */ = {isa = PBXBuildFile; fileRef = 7F9ABCDE1A88E7A400ACB4B9 /* StringsFile.swift */; };
		7F9ABCF51A88F93400ACB4B9 /* Target.strings in Resources */ = {isa = PBXBuildFile; fileRef = 7F9ABCF31A88F93400ACB4B9 /* Target.strings */; };
		7F9ABCF61A88F93400ACB4B9 /* Localizable.strings in Resources */ = {isa = PBXBuildFile; fileRef = 7F9ABCF41A88F93400ACB4B9 /* Localizable.strings */; };
		7FF59A221A8F1D5C00946EBF /* LprojFile.swift in Sources */ = {isa = PBXBuildFile; fileRef = 7FF59A211A8F1D5C00946EBF /* LprojFile.swift */; };
		7FF59A241A8F231B00946EBF /* XibFile.swift in Sources */ = {isa = PBXBuildFile; fileRef = 7FF59A231A8F231B00946EBF /* XibFile.swift */; };
/* End PBXBuildFile section */

/* Begin PBXFileReference section */
		7F36165A1A89DF9200254E5E /* en */ = {isa = PBXFileReference; lastKnownFileType = text.plist.strings; name = en; path = en.lproj/Main.strings; sourceTree = "<group>"; };
		7F36165C1A89DF9600254E5E /* en */ = {isa = PBXFileReference; lastKnownFileType = text.plist.strings; name = en; path = en.lproj/LaunchScreen.strings; sourceTree = "<group>"; };
		7F96F2171A931753001F50EE /* Target.swift */ = {isa = PBXFileReference; fileEncoding = 4; lastKnownFileType = sourcecode.swift; path = Target.swift; sourceTree = "<group>"; };
		7F9751321A89C90D005E27F8 /* DemoApp.app */ = {isa = PBXFileReference; explicitFileType = wrapper.application; includeInIndex = 0; path = DemoApp.app; sourceTree = BUILT_PRODUCTS_DIR; };
		7F9751351A89C90D005E27F8 /* Info.plist */ = {isa = PBXFileReference; lastKnownFileType = text.plist.xml; path = Info.plist; sourceTree = "<group>"; };
		7F9751361A89C90D005E27F8 /* AppDelegate.swift */ = {isa = PBXFileReference; lastKnownFileType = sourcecode.swift; path = AppDelegate.swift; sourceTree = "<group>"; };
		7F97513B1A89C90D005E27F8 /* Base */ = {isa = PBXFileReference; lastKnownFileType = file.storyboard; name = Base; path = Base.lproj/Main.storyboard; sourceTree = "<group>"; };
		7F97513D1A89C90D005E27F8 /* Images.xcassets */ = {isa = PBXFileReference; lastKnownFileType = folder.assetcatalog; path = Images.xcassets; sourceTree = "<group>"; };
		7F9751401A89C90D005E27F8 /* Base */ = {isa = PBXFileReference; lastKnownFileType = file.xib; name = Base; path = Base.lproj/LaunchScreen.xib; sourceTree = "<group>"; };
		7F9751541A89CA11005E27F8 /* ja */ = {isa = PBXFileReference; lastKnownFileType = text.plist.strings; name = ja; path = ja.lproj/Main.strings; sourceTree = "<group>"; };
		7F9751551A89CA11005E27F8 /* ja */ = {isa = PBXFileReference; lastKnownFileType = text.plist.strings; name = ja; path = ja.lproj/LaunchScreen.strings; sourceTree = "<group>"; };
		7F9751591A89CAB3005E27F8 /* Base */ = {isa = PBXFileReference; lastKnownFileType = text.plist.strings; name = Base; path = Base.lproj/Localizable.strings; sourceTree = "<group>"; };
		7F97515B1A89CAB8005E27F8 /* ja */ = {isa = PBXFileReference; lastKnownFileType = text.plist.strings; name = ja; path = ja.lproj/Localizable.strings; sourceTree = "<group>"; };
		7F97515D1A89CBE0005E27F8 /* en */ = {isa = PBXFileReference; lastKnownFileType = text.plist.strings; name = en; path = en.lproj/Localizable.strings; sourceTree = "<group>"; };
		7F9751651A89D999005E27F8 /* NSFileManager.swift */ = {isa = PBXFileReference; fileEncoding = 4; lastKnownFileType = sourcecode.swift; path = NSFileManager.swift; sourceTree = "<group>"; };
		7F9ABCD41A88E79100ACB4B9 /* ls2xs */ = {isa = PBXFileReference; explicitFileType = "compiled.mach-o.executable"; includeInIndex = 0; path = ls2xs; sourceTree = BUILT_PRODUCTS_DIR; };
		7F9ABCD71A88E79100ACB4B9 /* main.swift */ = {isa = PBXFileReference; lastKnownFileType = sourcecode.swift; path = main.swift; sourceTree = "<group>"; };
		7F9ABCDE1A88E7A400ACB4B9 /* StringsFile.swift */ = {isa = PBXFileReference; fileEncoding = 4; lastKnownFileType = sourcecode.swift; path = StringsFile.swift; sourceTree = "<group>"; };
		7F9ABCE41A88E7D700ACB4B9 /* UnitTests.xctest */ = {isa = PBXFileReference; explicitFileType = wrapper.cfbundle; includeInIndex = 0; path = UnitTests.xctest; sourceTree = BUILT_PRODUCTS_DIR; };
		7F9ABCE71A88E7D700ACB4B9 /* Info.plist */ = {isa = PBXFileReference; lastKnownFileType = text.plist.xml; path = Info.plist; sourceTree = "<group>"; };
		7F9ABCED1A88E7F500ACB4B9 /* TargetTests.swift */ = {isa = PBXFileReference; fileEncoding = 4; lastKnownFileType = sourcecode.swift; path = TargetTests.swift; sourceTree = "<group>"; };
		7F9ABCF31A88F93400ACB4B9 /* Target.strings */ = {isa = PBXFileReference; fileEncoding = 4; lastKnownFileType = text.plist.strings; path = Target.strings; sourceTree = "<group>"; };
		7F9ABCF41A88F93400ACB4B9 /* Localizable.strings */ = {isa = PBXFileReference; fileEncoding = 4; lastKnownFileType = text.plist.strings; path = Localizable.strings; sourceTree = "<group>"; };
		7FF59A211A8F1D5C00946EBF /* LprojFile.swift */ = {isa = PBXFileReference; fileEncoding = 4; lastKnownFileType = sourcecode.swift; path = LprojFile.swift; sourceTree = "<group>"; };
		7FF59A231A8F231B00946EBF /* XibFile.swift */ = {isa = PBXFileReference; fileEncoding = 4; lastKnownFileType = sourcecode.swift; path = XibFile.swift; sourceTree = "<group>"; };
/* End PBXFileReference section */

/* Begin PBXFrameworksBuildPhase section */
		7F97512F1A89C90D005E27F8 /* Frameworks */ = {
			isa = PBXFrameworksBuildPhase;
			buildActionMask = 2147483647;
			files = (
			);
			runOnlyForDeploymentPostprocessing = 0;
		};
		7F9ABCD11A88E79100ACB4B9 /* Frameworks */ = {
			isa = PBXFrameworksBuildPhase;
			buildActionMask = 2147483647;
			files = (
			);
			runOnlyForDeploymentPostprocessing = 0;
		};
		7F9ABCE11A88E7D700ACB4B9 /* Frameworks */ = {
			isa = PBXFrameworksBuildPhase;
			buildActionMask = 2147483647;
			files = (
			);
			runOnlyForDeploymentPostprocessing = 0;
		};
/* End PBXFrameworksBuildPhase section */

/* Begin PBXGroup section */
		7F9751331A89C90D005E27F8 /* DemoApp */ = {
			isa = PBXGroup;
			children = (
				7F9751361A89C90D005E27F8 /* AppDelegate.swift */,
				7F97515A1A89CAB3005E27F8 /* Localizable.strings */,
				7F97513A1A89C90D005E27F8 /* Main.storyboard */,
				7F97513F1A89C90D005E27F8 /* LaunchScreen.xib */,
				7F97513D1A89C90D005E27F8 /* Images.xcassets */,
				7F9751341A89C90D005E27F8 /* Supporting Files */,
			);
			path = DemoApp;
			sourceTree = "<group>";
		};
		7F9751341A89C90D005E27F8 /* Supporting Files */ = {
			isa = PBXGroup;
			children = (
				7F9751351A89C90D005E27F8 /* Info.plist */,
			);
			name = "Supporting Files";
			sourceTree = "<group>";
		};
		7F9ABCCB1A88E79100ACB4B9 = {
			isa = PBXGroup;
			children = (
				7F9ABCD61A88E79100ACB4B9 /* ls2xs */,
				7F9ABCE51A88E7D700ACB4B9 /* UnitTests */,
				7F9ABCF21A88F93400ACB4B9 /* Fixtures */,
				7F9751331A89C90D005E27F8 /* DemoApp */,
				7F9ABCD51A88E79100ACB4B9 /* Products */,
			);
			sourceTree = "<group>";
		};
		7F9ABCD51A88E79100ACB4B9 /* Products */ = {
			isa = PBXGroup;
			children = (
				7F9ABCD41A88E79100ACB4B9 /* ls2xs */,
				7F9ABCE41A88E7D700ACB4B9 /* UnitTests.xctest */,
				7F9751321A89C90D005E27F8 /* DemoApp.app */,
			);
			name = Products;
			sourceTree = "<group>";
		};
		7F9ABCD61A88E79100ACB4B9 /* ls2xs */ = {
			isa = PBXGroup;
			children = (
				7F9ABCD71A88E79100ACB4B9 /* main.swift */,
				7F96F2171A931753001F50EE /* Target.swift */,
				7FF59A211A8F1D5C00946EBF /* LprojFile.swift */,
				7F9ABCDE1A88E7A400ACB4B9 /* StringsFile.swift */,
				7FF59A231A8F231B00946EBF /* XibFile.swift */,
				7F9751651A89D999005E27F8 /* NSFileManager.swift */,
			);
			path = ls2xs;
			sourceTree = "<group>";
		};
		7F9ABCE51A88E7D700ACB4B9 /* UnitTests */ = {
			isa = PBXGroup;
			children = (
				7F9ABCED1A88E7F500ACB4B9 /* TargetTests.swift */,
				7F9ABCE61A88E7D700ACB4B9 /* Supporting Files */,
			);
			path = UnitTests;
			sourceTree = "<group>";
		};
		7F9ABCE61A88E7D700ACB4B9 /* Supporting Files */ = {
			isa = PBXGroup;
			children = (
				7F9ABCE71A88E7D700ACB4B9 /* Info.plist */,
			);
			name = "Supporting Files";
			sourceTree = "<group>";
		};
		7F9ABCF21A88F93400ACB4B9 /* Fixtures */ = {
			isa = PBXGroup;
			children = (
				7F9ABCF31A88F93400ACB4B9 /* Target.strings */,
				7F9ABCF41A88F93400ACB4B9 /* Localizable.strings */,
			);
			path = Fixtures;
			sourceTree = "<group>";
		};
/* End PBXGroup section */

/* Begin PBXNativeTarget section */
		7F9751311A89C90D005E27F8 /* DemoApp */ = {
			isa = PBXNativeTarget;
			buildConfigurationList = 7F9751521A89C90D005E27F8 /* Build configuration list for PBXNativeTarget "DemoApp" */;
			buildPhases = (
				7F97512E1A89C90D005E27F8 /* Sources */,
				7F97512F1A89C90D005E27F8 /* Frameworks */,
				7F9751301A89C90D005E27F8 /* Resources */,
			);
			buildRules = (
			);
			dependencies = (
			);
			name = DemoApp;
			productName = DemoApp;
			productReference = 7F9751321A89C90D005E27F8 /* DemoApp.app */;
			productType = "com.apple.product-type.application";
		};
		7F9ABCD31A88E79100ACB4B9 /* ls2xs */ = {
			isa = PBXNativeTarget;
			buildConfigurationList = 7F9ABCDB1A88E79100ACB4B9 /* Build configuration list for PBXNativeTarget "ls2xs" */;
			buildPhases = (
				7F9ABCD01A88E79100ACB4B9 /* Sources */,
				7F9ABCD11A88E79100ACB4B9 /* Frameworks */,
			);
			buildRules = (
			);
			dependencies = (
			);
			name = ls2xs;
			productName = ls2xs;
			productReference = 7F9ABCD41A88E79100ACB4B9 /* ls2xs */;
			productType = "com.apple.product-type.tool";
		};
		7F9ABCE31A88E7D700ACB4B9 /* UnitTests */ = {
			isa = PBXNativeTarget;
			buildConfigurationList = 7F9ABCEA1A88E7D700ACB4B9 /* Build configuration list for PBXNativeTarget "UnitTests" */;
			buildPhases = (
				7F9ABCE01A88E7D700ACB4B9 /* Sources */,
				7F9ABCE11A88E7D700ACB4B9 /* Frameworks */,
				7F9ABCE21A88E7D700ACB4B9 /* Resources */,
			);
			buildRules = (
			);
			dependencies = (
			);
			name = UnitTests;
			productName = UnitTests;
			productReference = 7F9ABCE41A88E7D700ACB4B9 /* UnitTests.xctest */;
			productType = "com.apple.product-type.bundle.unit-test";
		};
/* End PBXNativeTarget section */

/* Begin PBXProject section */
		7F9ABCCC1A88E79100ACB4B9 /* Project object */ = {
			isa = PBXProject;
			attributes = {
				LastUpgradeCheck = 0610;
				ORGANIZATIONNAME = "Yosuke Ishikawa";
				TargetAttributes = {
					7F9751311A89C90D005E27F8 = {
						CreatedOnToolsVersion = 6.3;
					};
					7F9ABCD31A88E79100ACB4B9 = {
						CreatedOnToolsVersion = 6.1.1;
					};
					7F9ABCE31A88E7D700ACB4B9 = {
						CreatedOnToolsVersion = 6.1.1;
					};
				};
			};
			buildConfigurationList = 7F9ABCCF1A88E79100ACB4B9 /* Build configuration list for PBXProject "ls2xs" */;
			compatibilityVersion = "Xcode 3.2";
			developmentRegion = English;
			hasScannedForEncodings = 0;
			knownRegions = (
				en,
				Base,
				ja,
			);
			mainGroup = 7F9ABCCB1A88E79100ACB4B9;
			productRefGroup = 7F9ABCD51A88E79100ACB4B9 /* Products */;
			projectDirPath = "";
			projectRoot = "";
			targets = (
				7F9ABCD31A88E79100ACB4B9 /* ls2xs */,
				7F9ABCE31A88E7D700ACB4B9 /* UnitTests */,
				7F9751311A89C90D005E27F8 /* DemoApp */,
			);
		};
/* End PBXProject section */

/* Begin PBXResourcesBuildPhase section */
		7F9751301A89C90D005E27F8 /* Resources */ = {
			isa = PBXResourcesBuildPhase;
			buildActionMask = 2147483647;
			files = (
				7F97513C1A89C90D005E27F8 /* Main.storyboard in Resources */,
				7F9751581A89CAB3005E27F8 /* Localizable.strings in Resources */,
				7F9751411A89C90D005E27F8 /* LaunchScreen.xib in Resources */,
				7F97513E1A89C90D005E27F8 /* Images.xcassets in Resources */,
			);
			runOnlyForDeploymentPostprocessing = 0;
		};
		7F9ABCE21A88E7D700ACB4B9 /* Resources */ = {
			isa = PBXResourcesBuildPhase;
			buildActionMask = 2147483647;
			files = (
				7F9ABCF51A88F93400ACB4B9 /* Target.strings in Resources */,
				7F9ABCF61A88F93400ACB4B9 /* Localizable.strings in Resources */,
			);
			runOnlyForDeploymentPostprocessing = 0;
		};
/* End PBXResourcesBuildPhase section */

/* Begin PBXSourcesBuildPhase section */
		7F97512E1A89C90D005E27F8 /* Sources */ = {
			isa = PBXSourcesBuildPhase;
			buildActionMask = 2147483647;
			files = (
				7F9751371A89C90D005E27F8 /* AppDelegate.swift in Sources */,
			);
			runOnlyForDeploymentPostprocessing = 0;
		};
		7F9ABCD01A88E79100ACB4B9 /* Sources */ = {
			isa = PBXSourcesBuildPhase;
			buildActionMask = 2147483647;
			files = (
				7F9751661A89D999005E27F8 /* NSFileManager.swift in Sources */,
				7FF59A221A8F1D5C00946EBF /* LprojFile.swift in Sources */,
				7FF59A241A8F231B00946EBF /* XibFile.swift in Sources */,
				7F9ABCDF1A88E7A400ACB4B9 /* StringsFile.swift in Sources */,
				7F96F2181A931753001F50EE /* Target.swift in Sources */,
				7F9ABCD81A88E79100ACB4B9 /* main.swift in Sources */,
			);
			runOnlyForDeploymentPostprocessing = 0;
		};
		7F9ABCE01A88E7D700ACB4B9 /* Sources */ = {
			isa = PBXSourcesBuildPhase;
			buildActionMask = 2147483647;
			files = (
				7F9ABCF11A88E84500ACB4B9 /* StringsFile.swift in Sources */,
				7F9ABCEE1A88E7F500ACB4B9 /* TargetTests.swift in Sources */,
				7F3616581A89DA8C00254E5E /* NSFileManager.swift in Sources */,
				7F9751641A89D8CF005E27F8 /* main.swift in Sources */,
				7F96F21E1A931F48001F50EE /* XibFile.swift in Sources */,
				7F96F21C1A931F48001F50EE /* Target.swift in Sources */,
				7F96F21D1A931F48001F50EE /* LprojFile.swift in Sources */,
			);
			runOnlyForDeploymentPostprocessing = 0;
		};
/* End PBXSourcesBuildPhase section */

/* Begin PBXVariantGroup section */
		7F97513A1A89C90D005E27F8 /* Main.storyboard */ = {
			isa = PBXVariantGroup;
			children = (
				7F97513B1A89C90D005E27F8 /* Base */,
				7F9751541A89CA11005E27F8 /* ja */,
				7F36165A1A89DF9200254E5E /* en */,
			);
			name = Main.storyboard;
			sourceTree = "<group>";
		};
		7F97513F1A89C90D005E27F8 /* LaunchScreen.xib */ = {
			isa = PBXVariantGroup;
			children = (
				7F9751401A89C90D005E27F8 /* Base */,
				7F9751551A89CA11005E27F8 /* ja */,
				7F36165C1A89DF9600254E5E /* en */,
			);
			name = LaunchScreen.xib;
			sourceTree = "<group>";
		};
		7F97515A1A89CAB3005E27F8 /* Localizable.strings */ = {
			isa = PBXVariantGroup;
			children = (
				7F9751591A89CAB3005E27F8 /* Base */,
				7F97515B1A89CAB8005E27F8 /* ja */,
				7F97515D1A89CBE0005E27F8 /* en */,
			);
			name = Localizable.strings;
			sourceTree = "<group>";
		};
/* End PBXVariantGroup section */

/* Begin XCBuildConfiguration section */
		7F97514E1A89C90D005E27F8 /* Debug */ = {
			isa = XCBuildConfiguration;
			buildSettings = {
				ASSETCATALOG_COMPILER_APPICON_NAME = AppIcon;
				"CODE_SIGN_IDENTITY[sdk=iphoneos*]" = "iPhone Developer";
				DEBUG_INFORMATION_FORMAT = dwarf;
				GCC_PREPROCESSOR_DEFINITIONS = (
					"DEBUG=1",
					"$(inherited)",
				);
				INFOPLIST_FILE = DemoApp/Info.plist;
				IPHONEOS_DEPLOYMENT_TARGET = 8.3;
				LD_RUNPATH_SEARCH_PATHS = "$(inherited) @executable_path/Frameworks";
				PRODUCT_NAME = "$(TARGET_NAME)";
				SDKROOT = iphoneos;
			};
			name = Debug;
		};
		7F97514F1A89C90D005E27F8 /* Release */ = {
			isa = XCBuildConfiguration;
			buildSettings = {
				ASSETCATALOG_COMPILER_APPICON_NAME = AppIcon;
				"CODE_SIGN_IDENTITY[sdk=iphoneos*]" = "iPhone Developer";
				COPY_PHASE_STRIP = NO;
				INFOPLIST_FILE = DemoApp/Info.plist;
				IPHONEOS_DEPLOYMENT_TARGET = 8.3;
				LD_RUNPATH_SEARCH_PATHS = "$(inherited) @executable_path/Frameworks";
				PRODUCT_NAME = "$(TARGET_NAME)";
				SDKROOT = iphoneos;
				VALIDATE_PRODUCT = YES;
			};
			name = Release;
		};
		7F9ABCD91A88E79100ACB4B9 /* Debug */ = {
			isa = XCBuildConfiguration;
			buildSettings = {
				ALWAYS_SEARCH_USER_PATHS = NO;
				CLANG_CXX_LANGUAGE_STANDARD = "gnu++0x";
				CLANG_CXX_LIBRARY = "libc++";
				CLANG_ENABLE_MODULES = YES;
				CLANG_ENABLE_OBJC_ARC = YES;
				CLANG_WARN_BOOL_CONVERSION = YES;
				CLANG_WARN_CONSTANT_CONVERSION = YES;
				CLANG_WARN_DIRECT_OBJC_ISA_USAGE = YES_ERROR;
				CLANG_WARN_EMPTY_BODY = YES;
				CLANG_WARN_ENUM_CONVERSION = YES;
				CLANG_WARN_INT_CONVERSION = YES;
				CLANG_WARN_OBJC_ROOT_CLASS = YES_ERROR;
				CLANG_WARN_UNREACHABLE_CODE = YES;
				CLANG_WARN__DUPLICATE_METHOD_MATCH = YES;
				COPY_PHASE_STRIP = NO;
				ENABLE_STRICT_OBJC_MSGSEND = YES;
				GCC_C_LANGUAGE_STANDARD = gnu99;
				GCC_DYNAMIC_NO_PIC = NO;
				GCC_OPTIMIZATION_LEVEL = 0;
				GCC_PREPROCESSOR_DEFINITIONS = (
					"DEBUG=1",
					"$(inherited)",
				);
				GCC_SYMBOLS_PRIVATE_EXTERN = NO;
				GCC_WARN_64_TO_32_BIT_CONVERSION = YES;
				GCC_WARN_ABOUT_RETURN_TYPE = YES_ERROR;
				GCC_WARN_UNDECLARED_SELECTOR = YES;
				GCC_WARN_UNINITIALIZED_AUTOS = YES_AGGRESSIVE;
				GCC_WARN_UNUSED_FUNCTION = YES;
				GCC_WARN_UNUSED_VARIABLE = YES;
				MACOSX_DEPLOYMENT_TARGET = 10.9;
				MTL_ENABLE_DEBUG_INFO = YES;
				ONLY_ACTIVE_ARCH = YES;
				SDKROOT = macosx;
				SWIFT_OPTIMIZATION_LEVEL = "-Onone";
			};
			name = Debug;
		};
		7F9ABCDA1A88E79100ACB4B9 /* Release */ = {
			isa = XCBuildConfiguration;
			buildSettings = {
				ALWAYS_SEARCH_USER_PATHS = NO;
				CLANG_CXX_LANGUAGE_STANDARD = "gnu++0x";
				CLANG_CXX_LIBRARY = "libc++";
				CLANG_ENABLE_MODULES = YES;
				CLANG_ENABLE_OBJC_ARC = YES;
				CLANG_WARN_BOOL_CONVERSION = YES;
				CLANG_WARN_CONSTANT_CONVERSION = YES;
				CLANG_WARN_DIRECT_OBJC_ISA_USAGE = YES_ERROR;
				CLANG_WARN_EMPTY_BODY = YES;
				CLANG_WARN_ENUM_CONVERSION = YES;
				CLANG_WARN_INT_CONVERSION = YES;
				CLANG_WARN_OBJC_ROOT_CLASS = YES_ERROR;
				CLANG_WARN_UNREACHABLE_CODE = YES;
				CLANG_WARN__DUPLICATE_METHOD_MATCH = YES;
				COPY_PHASE_STRIP = YES;
				DEBUG_INFORMATION_FORMAT = "dwarf-with-dsym";
				ENABLE_NS_ASSERTIONS = NO;
				ENABLE_STRICT_OBJC_MSGSEND = YES;
				GCC_C_LANGUAGE_STANDARD = gnu99;
				GCC_WARN_64_TO_32_BIT_CONVERSION = YES;
				GCC_WARN_ABOUT_RETURN_TYPE = YES_ERROR;
				GCC_WARN_UNDECLARED_SELECTOR = YES;
				GCC_WARN_UNINITIALIZED_AUTOS = YES_AGGRESSIVE;
				GCC_WARN_UNUSED_FUNCTION = YES;
				GCC_WARN_UNUSED_VARIABLE = YES;
				MACOSX_DEPLOYMENT_TARGET = 10.9;
				MTL_ENABLE_DEBUG_INFO = NO;
				SDKROOT = macosx;
			};
			name = Release;
		};
		7F9ABCDC1A88E79100ACB4B9 /* Debug */ = {
			isa = XCBuildConfiguration;
			buildSettings = {
				PRODUCT_NAME = "$(TARGET_NAME)";
			};
			name = Debug;
		};
		7F9ABCDD1A88E79100ACB4B9 /* Release */ = {
			isa = XCBuildConfiguration;
			buildSettings = {
				PRODUCT_NAME = "$(TARGET_NAME)";
			};
			name = Release;
		};
		7F9ABCEB1A88E7D700ACB4B9 /* Debug */ = {
			isa = XCBuildConfiguration;
			buildSettings = {
				COMBINE_HIDPI_IMAGES = YES;
				FRAMEWORK_SEARCH_PATHS = (
					"$(DEVELOPER_FRAMEWORKS_DIR)",
					"$(inherited)",
				);
				GCC_PREPROCESSOR_DEFINITIONS = (
					"DEBUG=1",
					"$(inherited)",
				);
				INFOPLIST_FILE = UnitTests/Info.plist;
				LD_RUNPATH_SEARCH_PATHS = "$(inherited) @executable_path/../Frameworks @loader_path/../Frameworks";
				PRODUCT_NAME = "$(TARGET_NAME)";
			};
			name = Debug;
		};
		7F9ABCEC1A88E7D700ACB4B9 /* Release */ = {
			isa = XCBuildConfiguration;
			buildSettings = {
				COMBINE_HIDPI_IMAGES = YES;
				FRAMEWORK_SEARCH_PATHS = (
					"$(DEVELOPER_FRAMEWORKS_DIR)",
					"$(inherited)",
				);
				INFOPLIST_FILE = UnitTests/Info.plist;
				LD_RUNPATH_SEARCH_PATHS = "$(inherited) @executable_path/../Frameworks @loader_path/../Frameworks";
				PRODUCT_NAME = "$(TARGET_NAME)";
			};
			name = Release;
		};
/* End XCBuildConfiguration section */

/* Begin XCConfigurationList section */
		7F9751521A89C90D005E27F8 /* Build configuration list for PBXNativeTarget "DemoApp" */ = {
			isa = XCConfigurationList;
			buildConfigurations = (
				7F97514E1A89C90D005E27F8 /* Debug */,
				7F97514F1A89C90D005E27F8 /* Release */,
			);
			defaultConfigurationIsVisible = 0;
			defaultConfigurationName = Release;
		};
		7F9ABCCF1A88E79100ACB4B9 /* Build configuration list for PBXProject "ls2xs" */ = {
			isa = XCConfigurationList;
			buildConfigurations = (
				7F9ABCD91A88E79100ACB4B9 /* Debug */,
				7F9ABCDA1A88E79100ACB4B9 /* Release */,
			);
			defaultConfigurationIsVisible = 0;
			defaultConfigurationName = Release;
		};
		7F9ABCDB1A88E79100ACB4B9 /* Build configuration list for PBXNativeTarget "ls2xs" */ = {
			isa = XCConfigurationList;
			buildConfigurations = (
				7F9ABCDC1A88E79100ACB4B9 /* Debug */,
				7F9ABCDD1A88E79100ACB4B9 /* Release */,
			);
			defaultConfigurationIsVisible = 0;
			defaultConfigurationName = Release;
		};
		7F9ABCEA1A88E7D700ACB4B9 /* Build configuration list for PBXNativeTarget "UnitTests" */ = {
			isa = XCConfigurationList;
			buildConfigurations = (
				7F9ABCEB1A88E7D700ACB4B9 /* Debug */,
				7F9ABCEC1A88E7D700ACB4B9 /* Release */,
			);
			defaultConfigurationIsVisible = 0;
			defaultConfigurationName = Release;
		};
/* End XCConfigurationList section */
	};
	rootObject = 7F9ABCCC1A88E79100ACB4B9 /* Project object */;
}
